// !$*UTF8*$!
{
	archiveVersion = 1;
	classes = {
	};
	objectVersion = 46;
	objects = {

/* Begin PBXBuildFile section */
		9507076D1A9F99BC000F5040 /* AppDelegate.swift in Sources */ = {isa = PBXBuildFile; fileRef = 9507076C1A9F99BC000F5040 /* AppDelegate.swift */; };
		950707741A9F99BC000F5040 /* Images.xcassets in Resources */ = {isa = PBXBuildFile; fileRef = 950707731A9F99BC000F5040 /* Images.xcassets */; };
		950707771A9F99BC000F5040 /* LaunchScreen.xib in Resources */ = {isa = PBXBuildFile; fileRef = 950707751A9F99BC000F5040 /* LaunchScreen.xib */; };
		950707831A9F99BC000F5040 /* GradeBookTests.swift in Sources */ = {isa = PBXBuildFile; fileRef = 950707821A9F99BC000F5040 /* GradeBookTests.swift */; };
		951AF4EA1AA60C3A002A13A9 /* GradebookURLLoader.m in Sources */ = {isa = PBXBuildFile; fileRef = 951AF4E71AA60C3A002A13A9 /* GradebookURLLoader.m */; };
		951AF4EB1AA60C3A002A13A9 /* NSString+Base64Encoding.m in Sources */ = {isa = PBXBuildFile; fileRef = 951AF4E91AA60C3A002A13A9 /* NSString+Base64Encoding.m */; };
		951AF4ED1AA684AD002A13A9 /* Networking.swift in Sources */ = {isa = PBXBuildFile; fileRef = 951AF4EC1AA684AD002A13A9 /* Networking.swift */; };
		951AF4EF1AA68CCC002A13A9 /* LoginViewController.swift in Sources */ = {isa = PBXBuildFile; fileRef = 951AF4EE1AA68CCC002A13A9 /* LoginViewController.swift */; };
		951AF4F11AA69268002A13A9 /* SectionsTableViewController.swift in Sources */ = {isa = PBXBuildFile; fileRef = 951AF4F01AA69268002A13A9 /* SectionsTableViewController.swift */; };
		951AF4F31AA69478002A13A9 /* Main.storyboard in Resources */ = {isa = PBXBuildFile; fileRef = 951AF4F21AA69478002A13A9 /* Main.storyboard */; };
		951FD9E61AA7550A0041225B /* EnrollmentTableViewController.swift in Sources */ = {isa = PBXBuildFile; fileRef = 951FD9E51AA7550A0041225B /* EnrollmentTableViewController.swift */; };
		951FD9E81AA75BC90041225B /* SectionTableViewCell.swift in Sources */ = {isa = PBXBuildFile; fileRef = 951FD9E71AA75BC90041225B /* SectionTableViewCell.swift */; };
		953CCBDE1AA6C77100E74789 /* SwiftyJSON.swift in Sources */ = {isa = PBXBuildFile; fileRef = 953CCBDD1AA6C77100E74789 /* SwiftyJSON.swift */; };
		953CCBE11AA6E6B500E74789 /* Locksmith.swift in Sources */ = {isa = PBXBuildFile; fileRef = 953CCBDF1AA6E6B500E74789 /* Locksmith.swift */; };
		953CCBE21AA6E6B500E74789 /* LocksmithRequest.swift in Sources */ = {isa = PBXBuildFile; fileRef = 953CCBE01AA6E6B500E74789 /* LocksmithRequest.swift */; };
		955C254A1AA762690080C9F6 /* AssignmentTableViewController.swift in Sources */ = {isa = PBXBuildFile; fileRef = 955C25491AA762690080C9F6 /* AssignmentTableViewController.swift */; };
		955C254C1AA763C10080C9F6 /* AssignmentTableViewCell.swift in Sources */ = {isa = PBXBuildFile; fileRef = 955C254B1AA763C10080C9F6 /* AssignmentTableViewCell.swift */; };
		955C254E1AA767070080C9F6 /* EnrollmentTableViewCell.swift in Sources */ = {isa = PBXBuildFile; fileRef = 955C254D1AA767070080C9F6 /* EnrollmentTableViewCell.swift */; };
/* End PBXBuildFile section */

/* Begin PBXContainerItemProxy section */
		9507077D1A9F99BC000F5040 /* PBXContainerItemProxy */ = {
			isa = PBXContainerItemProxy;
			containerPortal = 9507075F1A9F99BC000F5040 /* Project object */;
			proxyType = 1;
			remoteGlobalIDString = 950707661A9F99BC000F5040;
			remoteInfo = GradeBook;
		};
/* End PBXContainerItemProxy section */

/* Begin PBXFileReference section */
		950707671A9F99BC000F5040 /* GradeBook.app */ = {isa = PBXFileReference; explicitFileType = wrapper.application; includeInIndex = 0; path = GradeBook.app; sourceTree = BUILT_PRODUCTS_DIR; };
		9507076B1A9F99BC000F5040 /* Info.plist */ = {isa = PBXFileReference; lastKnownFileType = text.plist.xml; path = Info.plist; sourceTree = "<group>"; };
		9507076C1A9F99BC000F5040 /* AppDelegate.swift */ = {isa = PBXFileReference; lastKnownFileType = sourcecode.swift; path = AppDelegate.swift; sourceTree = "<group>"; };
		950707731A9F99BC000F5040 /* Images.xcassets */ = {isa = PBXFileReference; lastKnownFileType = folder.assetcatalog; path = Images.xcassets; sourceTree = "<group>"; };
		950707761A9F99BC000F5040 /* Base */ = {isa = PBXFileReference; lastKnownFileType = file.xib; name = Base; path = Base.lproj/LaunchScreen.xib; sourceTree = "<group>"; };
		9507077C1A9F99BC000F5040 /* GradeBookTests.xctest */ = {isa = PBXFileReference; explicitFileType = wrapper.cfbundle; includeInIndex = 0; path = GradeBookTests.xctest; sourceTree = BUILT_PRODUCTS_DIR; };
		950707811A9F99BC000F5040 /* Info.plist */ = {isa = PBXFileReference; lastKnownFileType = text.plist.xml; path = Info.plist; sourceTree = "<group>"; };
		950707821A9F99BC000F5040 /* GradeBookTests.swift */ = {isa = PBXFileReference; lastKnownFileType = sourcecode.swift; path = GradeBookTests.swift; sourceTree = "<group>"; };
		951AF4E51AA60C3A002A13A9 /* Gradebook-Bridging-Header.h */ = {isa = PBXFileReference; fileEncoding = 4; lastKnownFileType = sourcecode.c.h; path = "Gradebook-Bridging-Header.h"; sourceTree = "<group>"; };
		951AF4E61AA60C3A002A13A9 /* GradebookURLLoader.h */ = {isa = PBXFileReference; fileEncoding = 4; lastKnownFileType = sourcecode.c.h; path = GradebookURLLoader.h; sourceTree = "<group>"; };
		951AF4E71AA60C3A002A13A9 /* GradebookURLLoader.m */ = {isa = PBXFileReference; fileEncoding = 4; lastKnownFileType = sourcecode.c.objc; path = GradebookURLLoader.m; sourceTree = "<group>"; };
		951AF4E81AA60C3A002A13A9 /* NSString+Base64Encoding.h */ = {isa = PBXFileReference; fileEncoding = 4; lastKnownFileType = sourcecode.c.h; path = "NSString+Base64Encoding.h"; sourceTree = "<group>"; };
		951AF4E91AA60C3A002A13A9 /* NSString+Base64Encoding.m */ = {isa = PBXFileReference; fileEncoding = 4; lastKnownFileType = sourcecode.c.objc; path = "NSString+Base64Encoding.m"; sourceTree = "<group>"; };
		951AF4EC1AA684AD002A13A9 /* Networking.swift */ = {isa = PBXFileReference; fileEncoding = 4; lastKnownFileType = sourcecode.swift; path = Networking.swift; sourceTree = "<group>"; };
		951AF4EE1AA68CCC002A13A9 /* LoginViewController.swift */ = {isa = PBXFileReference; fileEncoding = 4; lastKnownFileType = sourcecode.swift; path = LoginViewController.swift; sourceTree = "<group>"; };
		951AF4F01AA69268002A13A9 /* SectionsTableViewController.swift */ = {isa = PBXFileReference; fileEncoding = 4; lastKnownFileType = sourcecode.swift; path = SectionsTableViewController.swift; sourceTree = "<group>"; };
		951AF4F21AA69478002A13A9 /* Main.storyboard */ = {isa = PBXFileReference; fileEncoding = 4; lastKnownFileType = file.storyboard; path = Main.storyboard; sourceTree = "<group>"; };
		951FD9E51AA7550A0041225B /* EnrollmentTableViewController.swift */ = {isa = PBXFileReference; fileEncoding = 4; lastKnownFileType = sourcecode.swift; path = EnrollmentTableViewController.swift; sourceTree = "<group>"; };
		951FD9E71AA75BC90041225B /* SectionTableViewCell.swift */ = {isa = PBXFileReference; fileEncoding = 4; lastKnownFileType = sourcecode.swift; path = SectionTableViewCell.swift; sourceTree = "<group>"; };
		953CCBDD1AA6C77100E74789 /* SwiftyJSON.swift */ = {isa = PBXFileReference; fileEncoding = 4; lastKnownFileType = sourcecode.swift; path = SwiftyJSON.swift; sourceTree = "<group>"; };
		953CCBDF1AA6E6B500E74789 /* Locksmith.swift */ = {isa = PBXFileReference; fileEncoding = 4; lastKnownFileType = sourcecode.swift; path = Locksmith.swift; sourceTree = "<group>"; };
		953CCBE01AA6E6B500E74789 /* LocksmithRequest.swift */ = {isa = PBXFileReference; fileEncoding = 4; lastKnownFileType = sourcecode.swift; path = LocksmithRequest.swift; sourceTree = "<group>"; };
		955C25491AA762690080C9F6 /* AssignmentTableViewController.swift */ = {isa = PBXFileReference; fileEncoding = 4; lastKnownFileType = sourcecode.swift; path = AssignmentTableViewController.swift; sourceTree = "<group>"; };
		955C254B1AA763C10080C9F6 /* AssignmentTableViewCell.swift */ = {isa = PBXFileReference; fileEncoding = 4; lastKnownFileType = sourcecode.swift; path = AssignmentTableViewCell.swift; sourceTree = "<group>"; };
		955C254D1AA767070080C9F6 /* EnrollmentTableViewCell.swift */ = {isa = PBXFileReference; fileEncoding = 4; lastKnownFileType = sourcecode.swift; path = EnrollmentTableViewCell.swift; sourceTree = "<group>"; };
/* End PBXFileReference section */

/* Begin PBXFrameworksBuildPhase section */
		950707641A9F99BC000F5040 /* Frameworks */ = {
			isa = PBXFrameworksBuildPhase;
			buildActionMask = 2147483647;
			files = (
			);
			runOnlyForDeploymentPostprocessing = 0;
		};
		950707791A9F99BC000F5040 /* Frameworks */ = {
			isa = PBXFrameworksBuildPhase;
			buildActionMask = 2147483647;
			files = (
			);
			runOnlyForDeploymentPostprocessing = 0;
		};
/* End PBXFrameworksBuildPhase section */

/* Begin PBXGroup section */
		9507075E1A9F99BC000F5040 = {
			isa = PBXGroup;
			children = (
				950707691A9F99BC000F5040 /* GradeBook */,
				9507077F1A9F99BC000F5040 /* GradeBookTests */,
				950707681A9F99BC000F5040 /* Products */,
			);
			sourceTree = "<group>";
		};
		950707681A9F99BC000F5040 /* Products */ = {
			isa = PBXGroup;
			children = (
				950707671A9F99BC000F5040 /* GradeBook.app */,
				9507077C1A9F99BC000F5040 /* GradeBookTests.xctest */,
			);
			name = Products;
			sourceTree = "<group>";
		};
		950707691A9F99BC000F5040 /* GradeBook */ = {
			isa = PBXGroup;
			children = (
				9507076C1A9F99BC000F5040 /* AppDelegate.swift */,
				951AF4EC1AA684AD002A13A9 /* Networking.swift */,
				953CCBDD1AA6C77100E74789 /* SwiftyJSON.swift */,
				951AF4F21AA69478002A13A9 /* Main.storyboard */,
				953CCBDF1AA6E6B500E74789 /* Locksmith.swift */,
				953CCBE01AA6E6B500E74789 /* LocksmithRequest.swift */,
				951FD9E51AA7550A0041225B /* EnrollmentTableViewController.swift */,
				955C254D1AA767070080C9F6 /* EnrollmentTableViewCell.swift */,
				951AF4F01AA69268002A13A9 /* SectionsTableViewController.swift */,
				951FD9E71AA75BC90041225B /* SectionTableViewCell.swift */,
				955C254B1AA763C10080C9F6 /* AssignmentTableViewCell.swift */,
				955C25491AA762690080C9F6 /* AssignmentTableViewController.swift */,
				951AF4EE1AA68CCC002A13A9 /* LoginViewController.swift */,
				950707731A9F99BC000F5040 /* Images.xcassets */,
				950707751A9F99BC000F5040 /* LaunchScreen.xib */,
				9507076A1A9F99BC000F5040 /* Supporting Files */,
			);
			path = GradeBook;
			sourceTree = "<group>";
		};
		9507076A1A9F99BC000F5040 /* Supporting Files */ = {
			isa = PBXGroup;
			children = (
				9507076B1A9F99BC000F5040 /* Info.plist */,
				951AF4E51AA60C3A002A13A9 /* Gradebook-Bridging-Header.h */,
				951AF4E61AA60C3A002A13A9 /* GradebookURLLoader.h */,
				951AF4E71AA60C3A002A13A9 /* GradebookURLLoader.m */,
				951AF4E81AA60C3A002A13A9 /* NSString+Base64Encoding.h */,
				951AF4E91AA60C3A002A13A9 /* NSString+Base64Encoding.m */,
			);
			name = "Supporting Files";
			sourceTree = "<group>";
		};
		9507077F1A9F99BC000F5040 /* GradeBookTests */ = {
			isa = PBXGroup;
			children = (
				950707821A9F99BC000F5040 /* GradeBookTests.swift */,
				950707801A9F99BC000F5040 /* Supporting Files */,
			);
			path = GradeBookTests;
			sourceTree = "<group>";
		};
		950707801A9F99BC000F5040 /* Supporting Files */ = {
			isa = PBXGroup;
			children = (
				950707811A9F99BC000F5040 /* Info.plist */,
			);
			name = "Supporting Files";
			sourceTree = "<group>";
		};
/* End PBXGroup section */

/* Begin PBXNativeTarget section */
		950707661A9F99BC000F5040 /* GradeBook */ = {
			isa = PBXNativeTarget;
			buildConfigurationList = 950707861A9F99BC000F5040 /* Build configuration list for PBXNativeTarget "GradeBook" */;
			buildPhases = (
				950707631A9F99BC000F5040 /* Sources */,
				950707641A9F99BC000F5040 /* Frameworks */,
				950707651A9F99BC000F5040 /* Resources */,
			);
			buildRules = (
			);
			dependencies = (
			);
			name = GradeBook;
			productName = GradeBook;
			productReference = 950707671A9F99BC000F5040 /* GradeBook.app */;
			productType = "com.apple.product-type.application";
		};
		9507077B1A9F99BC000F5040 /* GradeBookTests */ = {
			isa = PBXNativeTarget;
			buildConfigurationList = 950707891A9F99BC000F5040 /* Build configuration list for PBXNativeTarget "GradeBookTests" */;
			buildPhases = (
				950707781A9F99BC000F5040 /* Sources */,
				950707791A9F99BC000F5040 /* Frameworks */,
				9507077A1A9F99BC000F5040 /* Resources */,
			);
			buildRules = (
			);
			dependencies = (
				9507077E1A9F99BC000F5040 /* PBXTargetDependency */,
			);
			name = GradeBookTests;
			productName = GradeBookTests;
			productReference = 9507077C1A9F99BC000F5040 /* GradeBookTests.xctest */;
			productType = "com.apple.product-type.bundle.unit-test";
		};
/* End PBXNativeTarget section */

/* Begin PBXProject section */
		9507075F1A9F99BC000F5040 /* Project object */ = {
			isa = PBXProject;
			attributes = {
				LastUpgradeCheck = 0610;
				ORGANIZATIONNAME = "Classroom Tech User";
				TargetAttributes = {
					950707661A9F99BC000F5040 = {
						CreatedOnToolsVersion = 6.1.1;
					};
					9507077B1A9F99BC000F5040 = {
						CreatedOnToolsVersion = 6.1.1;
						TestTargetID = 950707661A9F99BC000F5040;
					};
				};
			};
			buildConfigurationList = 950707621A9F99BC000F5040 /* Build configuration list for PBXProject "GradeBook" */;
			compatibilityVersion = "Xcode 3.2";
			developmentRegion = English;
			hasScannedForEncodings = 0;
			knownRegions = (
				en,
				Base,
			);
			mainGroup = 9507075E1A9F99BC000F5040;
			productRefGroup = 950707681A9F99BC000F5040 /* Products */;
			projectDirPath = "";
			projectRoot = "";
			targets = (
				950707661A9F99BC000F5040 /* GradeBook */,
				9507077B1A9F99BC000F5040 /* GradeBookTests */,
			);
		};
/* End PBXProject section */

/* Begin PBXResourcesBuildPhase section */
		950707651A9F99BC000F5040 /* Resources */ = {
			isa = PBXResourcesBuildPhase;
			buildActionMask = 2147483647;
			files = (
				951AF4F31AA69478002A13A9 /* Main.storyboard in Resources */,
				950707771A9F99BC000F5040 /* LaunchScreen.xib in Resources */,
				950707741A9F99BC000F5040 /* Images.xcassets in Resources */,
			);
			runOnlyForDeploymentPostprocessing = 0;
		};
		9507077A1A9F99BC000F5040 /* Resources */ = {
			isa = PBXResourcesBuildPhase;
			buildActionMask = 2147483647;
			files = (
			);
			runOnlyForDeploymentPostprocessing = 0;
		};
/* End PBXResourcesBuildPhase section */

/* Begin PBXSourcesBuildPhase section */
		950707631A9F99BC000F5040 /* Sources */ = {
			isa = PBXSourcesBuildPhase;
			buildActionMask = 2147483647;
			files = (
				953CCBE11AA6E6B500E74789 /* Locksmith.swift in Sources */,
				951AF4EF1AA68CCC002A13A9 /* LoginViewController.swift in Sources */,
				955C254C1AA763C10080C9F6 /* AssignmentTableViewCell.swift in Sources */,
				955C254E1AA767070080C9F6 /* EnrollmentTableViewCell.swift in Sources */,
				951AF4F11AA69268002A13A9 /* SectionsTableViewController.swift in Sources */,
				951FD9E61AA7550A0041225B /* EnrollmentTableViewController.swift in Sources */,
				951AF4ED1AA684AD002A13A9 /* Networking.swift in Sources */,
				951FD9E81AA75BC90041225B /* SectionTableViewCell.swift in Sources */,
				953CCBE21AA6E6B500E74789 /* LocksmithRequest.swift in Sources */,
				9507076D1A9F99BC000F5040 /* AppDelegate.swift in Sources */,
				951AF4EA1AA60C3A002A13A9 /* GradebookURLLoader.m in Sources */,
				953CCBDE1AA6C77100E74789 /* SwiftyJSON.swift in Sources */,
				955C254A1AA762690080C9F6 /* AssignmentTableViewController.swift in Sources */,
				951AF4EB1AA60C3A002A13A9 /* NSString+Base64Encoding.m in Sources */,
			);
			runOnlyForDeploymentPostprocessing = 0;
		};
		950707781A9F99BC000F5040 /* Sources */ = {
			isa = PBXSourcesBuildPhase;
			buildActionMask = 2147483647;
			files = (
				950707831A9F99BC000F5040 /* GradeBookTests.swift in Sources */,
			);
			runOnlyForDeploymentPostprocessing = 0;
		};
/* End PBXSourcesBuildPhase section */

/* Begin PBXTargetDependency section */
		9507077E1A9F99BC000F5040 /* PBXTargetDependency */ = {
			isa = PBXTargetDependency;
			target = 950707661A9F99BC000F5040 /* GradeBook */;
			targetProxy = 9507077D1A9F99BC000F5040 /* PBXContainerItemProxy */;
		};
/* End PBXTargetDependency section */

/* Begin PBXVariantGroup section */
		950707751A9F99BC000F5040 /* LaunchScreen.xib */ = {
			isa = PBXVariantGroup;
			children = (
				950707761A9F99BC000F5040 /* Base */,
			);
			name = LaunchScreen.xib;
			sourceTree = "<group>";
		};
/* End PBXVariantGroup section */

/* Begin XCBuildConfiguration section */
		950707841A9F99BC000F5040 /* Debug */ = {
			isa = XCBuildConfiguration;
			buildSettings = {
				ALWAYS_SEARCH_USER_PATHS = NO;
				CLANG_CXX_LANGUAGE_STANDARD = "gnu++0x";
				CLANG_CXX_LIBRARY = "libc++";
				CLANG_ENABLE_MODULES = YES;
				CLANG_ENABLE_OBJC_ARC = YES;
				CLANG_WARN_BOOL_CONVERSION = YES;
				CLANG_WARN_CONSTANT_CONVERSION = YES;
				CLANG_WARN_DIRECT_OBJC_ISA_USAGE = YES_ERROR;
				CLANG_WARN_EMPTY_BODY = YES;
				CLANG_WARN_ENUM_CONVERSION = YES;
				CLANG_WARN_INT_CONVERSION = YES;
				CLANG_WARN_OBJC_ROOT_CLASS = YES_ERROR;
				CLANG_WARN_UNREACHABLE_CODE = YES;
				CLANG_WARN__DUPLICATE_METHOD_MATCH = YES;
				"CODE_SIGN_IDENTITY[sdk=iphoneos*]" = "iPhone Developer";
				COPY_PHASE_STRIP = NO;
				ENABLE_STRICT_OBJC_MSGSEND = YES;
				GCC_C_LANGUAGE_STANDARD = gnu99;
				GCC_DYNAMIC_NO_PIC = NO;
				GCC_OPTIMIZATION_LEVEL = 0;
				GCC_PREPROCESSOR_DEFINITIONS = (
					"DEBUG=1",
					"$(inherited)",
				);
				GCC_SYMBOLS_PRIVATE_EXTERN = NO;
				GCC_WARN_64_TO_32_BIT_CONVERSION = YES;
				GCC_WARN_ABOUT_RETURN_TYPE = YES_ERROR;
				GCC_WARN_UNDECLARED_SELECTOR = YES;
				GCC_WARN_UNINITIALIZED_AUTOS = YES_AGGRESSIVE;
				GCC_WARN_UNUSED_FUNCTION = YES;
				GCC_WARN_UNUSED_VARIABLE = YES;
				IPHONEOS_DEPLOYMENT_TARGET = 8.1;
				MTL_ENABLE_DEBUG_INFO = YES;
				ONLY_ACTIVE_ARCH = YES;
				SDKROOT = iphoneos;
				SWIFT_OPTIMIZATION_LEVEL = "-Onone";
				TARGETED_DEVICE_FAMILY = "1,2";
			};
			name = Debug;
		};
		950707851A9F99BC000F5040 /* Release */ = {
			isa = XCBuildConfiguration;
			buildSettings = {
				ALWAYS_SEARCH_USER_PATHS = NO;
				CLANG_CXX_LANGUAGE_STANDARD = "gnu++0x";
				CLANG_CXX_LIBRARY = "libc++";
				CLANG_ENABLE_MODULES = YES;
				CLANG_ENABLE_OBJC_ARC = YES;
				CLANG_WARN_BOOL_CONVERSION = YES;
				CLANG_WARN_CONSTANT_CONVERSION = YES;
				CLANG_WARN_DIRECT_OBJC_ISA_USAGE = YES_ERROR;
				CLANG_WARN_EMPTY_BODY = YES;
				CLANG_WARN_ENUM_CONVERSION = YES;
				CLANG_WARN_INT_CONVERSION = YES;
				CLANG_WARN_OBJC_ROOT_CLASS = YES_ERROR;
				CLANG_WARN_UNREACHABLE_CODE = YES;
				CLANG_WARN__DUPLICATE_METHOD_MATCH = YES;
				"CODE_SIGN_IDENTITY[sdk=iphoneos*]" = "iPhone Developer";
				COPY_PHASE_STRIP = YES;
				ENABLE_NS_ASSERTIONS = NO;
				ENABLE_STRICT_OBJC_MSGSEND = YES;
				GCC_C_LANGUAGE_STANDARD = gnu99;
				GCC_WARN_64_TO_32_BIT_CONVERSION = YES;
				GCC_WARN_ABOUT_RETURN_TYPE = YES_ERROR;
				GCC_WARN_UNDECLARED_SELECTOR = YES;
				GCC_WARN_UNINITIALIZED_AUTOS = YES_AGGRESSIVE;
				GCC_WARN_UNUSED_FUNCTION = YES;
				GCC_WARN_UNUSED_VARIABLE = YES;
				IPHONEOS_DEPLOYMENT_TARGET = 8.1;
				MTL_ENABLE_DEBUG_INFO = NO;
				SDKROOT = iphoneos;
				TARGETED_DEVICE_FAMILY = "1,2";
				VALIDATE_PRODUCT = YES;
			};
			name = Release;
		};
		950707871A9F99BC000F5040 /* Debug */ = {
			isa = XCBuildConfiguration;
			buildSettings = {
				ASSETCATALOG_COMPILER_APPICON_NAME = AppIcon;
				CLANG_ENABLE_MODULES = YES;
				INFOPLIST_FILE = GradeBook/Info.plist;
				LD_RUNPATH_SEARCH_PATHS = "$(inherited) @executable_path/Frameworks";
				PRODUCT_NAME = "$(TARGET_NAME)";
				SWIFT_OBJC_BRIDGING_HEADER = "GradeBook/GradeBook-Bridging-Header.h";
				SWIFT_OPTIMIZATION_LEVEL = "-Onone";
			};
			name = Debug;
		};
		950707881A9F99BC000F5040 /* Release */ = {
			isa = XCBuildConfiguration;
			buildSettings = {
				ASSETCATALOG_COMPILER_APPICON_NAME = AppIcon;
				CLANG_ENABLE_MODULES = YES;
				INFOPLIST_FILE = GradeBook/Info.plist;
				LD_RUNPATH_SEARCH_PATHS = "$(inherited) @executable_path/Frameworks";
				PRODUCT_NAME = "$(TARGET_NAME)";
				SWIFT_OBJC_BRIDGING_HEADER = "GradeBook/GradeBook-Bridging-Header.h";
			};
			name = Release;
		};
		9507078A1A9F99BC000F5040 /* Debug */ = {
			isa = XCBuildConfiguration;
			buildSettings = {
				BUNDLE_LOADER = "$(TEST_HOST)";
				FRAMEWORK_SEARCH_PATHS = (
					"$(SDKROOT)/Developer/Library/Frameworks",
					"$(inherited)",
				);
				GCC_PREPROCESSOR_DEFINITIONS = (
					"DEBUG=1",
					"$(inherited)",
				);
				INFOPLIST_FILE = GradeBookTests/Info.plist;
				LD_RUNPATH_SEARCH_PATHS = "$(inherited) @executable_path/Frameworks @loader_path/Frameworks";
				PRODUCT_NAME = "$(TARGET_NAME)";
				TEST_HOST = "$(BUILT_PRODUCTS_DIR)/GradeBook.app/GradeBook";
			};
			name = Debug;
		};
		9507078B1A9F99BC000F5040 /* Release */ = {
			isa = XCBuildConfiguration;
			buildSettings = {
				BUNDLE_LOADER = "$(TEST_HOST)";
				FRAMEWORK_SEARCH_PATHS = (
					"$(SDKROOT)/Developer/Library/Frameworks",
					"$(inherited)",
				);
				INFOPLIST_FILE = GradeBookTests/Info.plist;
				LD_RUNPATH_SEARCH_PATHS = "$(inherited) @executable_path/Frameworks @loader_path/Frameworks";
				PRODUCT_NAME = "$(TARGET_NAME)";
				TEST_HOST = "$(BUILT_PRODUCTS_DIR)/GradeBook.app/GradeBook";
			};
			name = Release;
		};
/* End XCBuildConfiguration section */

/* Begin XCConfigurationList section */
		950707621A9F99BC000F5040 /* Build configuration list for PBXProject "GradeBook" */ = {
			isa = XCConfigurationList;
			buildConfigurations = (
				950707841A9F99BC000F5040 /* Debug */,
				950707851A9F99BC000F5040 /* Release */,
			);
			defaultConfigurationIsVisible = 0;
			defaultConfigurationName = Release;
		};
		950707861A9F99BC000F5040 /* Build configuration list for PBXNativeTarget "GradeBook" */ = {
			isa = XCConfigurationList;
			buildConfigurations = (
				950707871A9F99BC000F5040 /* Debug */,
				950707881A9F99BC000F5040 /* Release */,
			);
			defaultConfigurationIsVisible = 0;
			defaultConfigurationName = Release;
		};
		950707891A9F99BC000F5040 /* Build configuration list for PBXNativeTarget "GradeBookTests" */ = {
			isa = XCConfigurationList;
			buildConfigurations = (
				9507078A1A9F99BC000F5040 /* Debug */,
				9507078B1A9F99BC000F5040 /* Release */,
			);
			defaultConfigurationIsVisible = 0;
			defaultConfigurationName = Release;
		};
/* End XCConfigurationList section */
	};
	rootObject = 9507075F1A9F99BC000F5040 /* Project object */;
}
